# THIS IS AN AUTOGENERATED FILE. DO NOT EDIT THIS FILE DIRECTLY.
# yarn lockfile v1


"@node-plantuml-2/graphviz-darwin-arm64@^1.1.8":
  version "1.1.8"
  resolved "https://registry.yarnpkg.com/@node-plantuml-2/graphviz-darwin-arm64/-/graphviz-darwin-arm64-1.1.8.tgz#cc93b7e4d36032e164d456a6efaa62421cc4026b"
  integrity sha512-p5199r4GTNQW7P8RqhIDUlRi1SyYAsdRSaF23w19ZRGpwhwx3uvpzD14+Hp2SF4TZa5I69SLTx70uLuVO6hJqA==

"@node-plantuml-2/graphviz-darwin-x64@^1.1.8":
  version "1.1.8"
  resolved "https://registry.yarnpkg.com/@node-plantuml-2/graphviz-darwin-x64/-/graphviz-darwin-x64-1.1.8.tgz#72b84835f9fbb8972c7527861c3ddabf99e9689b"
  integrity sha512-nmvo6gfWgWT24itT5AM75P5gf/C0Z6yDN4BPPbU0JdS2lruTYASAAEthW60TEett3XC/tYgxgTHCRpPO9hh7MQ==

"@node-plantuml-2/graphviz-linux-x64@^1.1.8":
  version "1.1.8"
  resolved "https://registry.yarnpkg.com/@node-plantuml-2/graphviz-linux-x64/-/graphviz-linux-x64-1.1.8.tgz#e07ee55ee472f9512784d42037729ffb58fa04f6"
  integrity sha512-18/qdBMQsaQDoBUk42GRCwegOgNCPffs5tjyGVJvEORGGbChhLQfyvS7kJwzh3JPux3a30sojAwo3WLOqeXC/A==

"@node-plantuml-2/graphviz-win32-x64@^1.1.8":
  version "1.1.8"
  resolved "https://registry.yarnpkg.com/@node-plantuml-2/graphviz-win32-x64/-/graphviz-win32-x64-1.1.8.tgz#3196ec25c2449e84cefa22386d1321c89729e167"
  integrity sha512-XUH2oZ6qJ9WCcTf5MtAeS4JfT6X9FahiR4GdOPR9csPgPT6YDRlK0AOdJIukbWjDnn65jgmhg2yeDpzeeweFRQ==

"@node-plantuml-2/jre-darwin-arm64@^1.1.8":
  version "1.1.8"
  resolved "https://registry.yarnpkg.com/@node-plantuml-2/jre-darwin-arm64/-/jre-darwin-arm64-1.1.8.tgz#b20f0ab2345c341a0227e078d422a1f435d96788"
  integrity sha512-3YCcVN90kRYVmmg3SUwAIn99oDw6YmaIPtcvaZ93MjzdI9wpIWASLZ7sjFyJs3KfT5WRYBgxBiKktJXW61/5OA==

"@node-plantuml-2/jre-linux-x64@^1.1.8":
  version "1.1.8"
  resolved "https://registry.yarnpkg.com/@node-plantuml-2/jre-linux-x64/-/jre-linux-x64-1.1.8.tgz#d7808a43b52ba5dd829a3cc0017ba5c8624f5d1c"
  integrity sha512-QVR+yjgb4Wr0iPviSSapIvS8kuSF5G9Dyd5hp2Y+sJ4gC2eJHMOGykh95vJQumaDMTeZmMah1wiwCv9lAB9NZw==

"@node-plantuml-2/jre-win32-x64@^1.1.8":
  version "1.1.8"
  resolved "https://registry.yarnpkg.com/@node-plantuml-2/jre-win32-x64/-/jre-win32-x64-1.1.8.tgz#cc0babb32506436b995a212777ec8cdcb8ee2e80"
  integrity sha512-tMY4zs+KhMlXVIPVFOqE1GOscDgJPFcjOClvL5XewB+sdLGakkjUxuHt8YjVW8TjCUi+AbQlE7neaXtNoYS8hA==

commander@^2.8.1:
  version "2.20.3"
  resolved "https://registry.yarnpkg.com/commander/-/commander-2.20.3.tgz#fd485e84c03eb4881c20722ba48035e8531aeb33"
  integrity sha512-GpVkmM8vF2vQUkj2LvZmD35JxeJOLCwJ9cUkugyk2nuhbv3+mJvpLYYt+0+USMxE+oj+ey/lJEnhZw75x/OMcQ==

node-nailgun-client@^0.1.0:
  version "0.1.2"
  resolved "https://registry.yarnpkg.com/node-nailgun-client/-/node-nailgun-client-0.1.2.tgz#c8ee2f8226664020192e4936cacaadf9aa13ae29"
  integrity sha512-OC611lR0fsDUSptwnhBf8d3sj4DZ5fiRKfS2QaGPe0kR3Dt9YoZr1MY7utK0scFPTbXuQdSBBbeoKYVbME1q5g==
  dependencies:
    commander "^2.8.1"

node-nailgun-server@^0.1.4:
  version "0.1.4"
  resolved "https://registry.yarnpkg.com/node-nailgun-server/-/node-nailgun-server-0.1.4.tgz#80cbf1af37611030c60aa88be72d657994df50d4"
  integrity sha512-e0Hbh6XPb/7GqATJ45BePaUEO5AwR7InRW/pGeMKHH1cqPMBFCeqdBNfvi+bkVLnsbYOOQE+pAek9nmNoD8sYw==
  dependencies:
    commander "^2.8.1"

node-plantuml-2@^1.1.8:
  version "1.1.8"
  resolved "https://registry.yarnpkg.com/node-plantuml-2/-/node-plantuml-2-1.1.8.tgz#fedfbde4639d969a8e67d4ac3bdc71a9ef7a2884"
  integrity sha512-MIeD6C8OmVN7ytaOy3edxyYno9UwONXzJv3NMJ6F5El1wPVmgyowyYqPNUC+yX1opz9wB6gt/4DRymdpoBOOhg==
  dependencies:
    commander "^2.8.1"
    node-nailgun-client "^0.1.0"
    node-nailgun-server "^0.1.4"
    plantuml-encoder "^1.2.5"
  optionalDependencies:
    "@node-plantuml-2/graphviz-darwin-arm64" "^1.1.8"
    "@node-plantuml-2/graphviz-darwin-x64" "^1.1.8"
    "@node-plantuml-2/graphviz-linux-x64" "^1.1.8"
    "@node-plantuml-2/graphviz-win32-x64" "^1.1.8"
    "@node-plantuml-2/jre-darwin-arm64" "^1.1.8"
    "@node-plantuml-2/jre-linux-x64" "^1.1.8"
    "@node-plantuml-2/jre-win32-x64" "^1.1.8"

plantuml-encoder@^1.2.5:
  version "1.4.0"
  resolved "https://registry.yarnpkg.com/plantuml-encoder/-/plantuml-encoder-1.4.0.tgz#7899302cf785de956bf1a167e15420feee5975f7"
  integrity sha512-sxMwpDw/ySY1WB2CE3+IdMuEcWibJ72DDOsXLkSmEaSzwEUaYBT6DWgOfBiHGCux4q433X6+OEFWjlVqp7gL6g==
